
Microsoft Visual Studio Solution File, Format Version 12.00
# Visual Studio 2013
VisualStudioVersion = 12.0.21005.1
MinimumVisualStudioVersion = 10.0.40219.1
Project("{8BC9CEB8-8B4A-11D0-8D11-00A0C91BC942}") = "neural_network", "neural_network\neural_network.vcxproj", "{91FD9E9F-886E-4116-BB78-AD946CDDCAA2}"
EndProject
Project("{8BC9CEB8-8B4A-11D0-8D11-00A0C91BC942}") = "test", "test\test.vcxproj", "{FC5BB821-3A5E-401D-9C98-4451CCD32CDF}"
EndProject
Global
	GlobalSection(SolutionConfigurationPlatforms) = preSolution
		Debug|Win32 = Debug|Win32
		Release|Win32 = Release|Win32
	EndGlobalSection
	GlobalSection(ProjectConfigurationPlatforms) = postSolution
		{91FD9E9F-886E-4116-BB78-AD946CDDCAA2}.Debug|Win32.ActiveCfg = Debug|Win32
		{91FD9E9F-886E-4116-BB78-AD946CDDCAA2}.Debug|Win32.Build.0 = Debug|Win32
		{91FD9E9F-886E-4116-BB78-AD946CDDCAA2}.Release|Win32.ActiveCfg = Release|Win32
		{91FD9E9F-886E-4116-BB78-AD946CDDCAA2}.Release|Win32.Build.0 = Release|Win32
		{FC5BB821-3A5E-401D-9C98-4451CCD32CDF}.Debug|Win32.ActiveCfg = Debug|Win32
		{FC5BB821-3A5E-401D-9C98-4451CCD32CDF}.Debug|Win32.Build.0 = Debug|Win32
		{FC5BB821-3A5E-401D-9C98-4451CCD32CDF}.Release|Win32.ActiveCfg = Release|Win32
		{FC5BB821-3A5E-401D-9C98-4451CCD32CDF}.Release|Win32.Build.0 = Release|Win32
	EndGlobalSection
	GlobalSection(SolutionProperties) = preSolution
		HideSolutionNode = FALSE
	EndGlobalSection
EndGlobal
